
Microsoft Visual Studio Solution File, Format Version 12.00
# Visual Studio Version 17
VisualStudioVersion = 17.14.36623.8 d17.14
MinimumVisualStudioVersion = 10.0.40219.1
Project("{FAE04EC0-301F-11D3-BF4B-00C04F79EFBC}") = "Risk-CS", "Risk-CS.csproj", "{2CB55167-66FA-4E01-BBD8-D93807007544}"
EndProject
Global
	GlobalSection(SolutionConfigurationPlatforms) = preSolution
		Debug|Any CPU = Debug|Any CPU
		Release|Any CPU = Release|Any CPU
	EndGlobalSection
	GlobalSection(ProjectConfigurationPlatforms) = postSolution
		{2CB55167-66FA-4E01-BBD8-D93807007544}.Debug|Any CPU.ActiveCfg = Debug|Any CPU
		{2CB55167-66FA-4E01-BBD8-D93807007544}.Debug|Any CPU.Build.0 = Debug|Any CPU
		{2CB55167-66FA-4E01-BBD8-D93807007544}.Release|Any CPU.ActiveCfg = Release|Any CPU
		{2CB55167-66FA-4E01-BBD8-D93807007544}.Release|Any CPU.Build.0 = Release|Any CPU
	EndGlobalSection
	GlobalSection(SolutionProperties) = preSolution
		HideSolutionNode = FALSE
	EndGlobalSection
	GlobalSection(ExtensibilityGlobals) = postSolution
		SolutionGuid = {1A4B1A3C-CA0C-446D-A832-48D6C00E6738}
	EndGlobalSection
EndGlobal
